{
  "requires": true,
  "lockfileVersion": 1,
  "dependencies": {
    "@10yun/ggui-mobile": {
      "version": "0.1.61",
      "resolved": "https://registry.npmjs.org/@10yun/ggui-mobile/-/ggui-mobile-0.1.61.tgz",
      "integrity": "sha512-XUTmZhhnKxQrdozWPtPRMDtwOuQs6c3O+ySmtoXcKgD0K2XKYscXcOpi2ypN8Ug3d2uSv4vsUyOXqex+v9HMqQ=="
    },
    "@dcloudio/uni-ui": {
      "version": "1.2.5",
      "resolved": "https://registry.npmjs.org/@dcloudio/uni-ui/-/uni-ui-1.2.5.tgz",
      "integrity": "sha512-HAeE/wIWyXb7z1dmWuETSfS3/fUL21dyUqEE1ppwOYiFBNt9Kh5M6Yp+18CcI7Y1GBQhWLyhTipN6Aj2fx8EPw=="
    }
  }
}
