{
  "requires": true,
  "lockfileVersion": 1,
  "dependencies": {
    "@10yun/ggui-mobile": {
      "version": "0.1.85",
      "resolved": "https://registry.npmjs.org/@10yun/ggui-mobile/-/ggui-mobile-0.1.85.tgz",
      "integrity": "sha512-z0/03WJSXUNOwn21zlBpjCWvZH5BVteokvgWqI1Qu7vyCjB5qXRAM8Bjc1aKkuMFFtuLoo0jSWg1/E7lwfPQAg=="
    },
    "@dcloudio/uni-ui": {
      "version": "1.2.7",
      "resolved": "https://registry.npmjs.org/@dcloudio/uni-ui/-/uni-ui-1.2.7.tgz",
      "integrity": "sha512-jc8DPg2Xbsgrqa2cpxn9vUrJ2jnBn4zM1CQDuLJsV9cGufqtP7JQ4jahNPSKNFufNvCDWBtbsK0cw/E7x/lgJA=="
    },
    "vconsole": {
      "version": "3.3.4",
      "resolved": "https://registry.npmjs.org/vconsole/-/vconsole-3.3.4.tgz",
      "integrity": "sha512-9yihsic96NPoMLQx/lCQwH9d89H0bbMW3LZPzo/t4yGQcS1X+vTCe9OHm1XSH7WNxzGDmcSwBiKLsFGwvJpQBg=="
    }
  }
}
